
Microsoft Visual Studio Solution File, Format Version 12.00
Project("{FAE04EC0-301F-11D3-BF4B-00C04F79EFBC}") = "DataAccess", "DataAccess\DataAccess.csproj", "{4E75940D-A5C6-4B1E-8E86-7E42A7E44227}"
EndProject
Project("{FAE04EC0-301F-11D3-BF4B-00C04F79EFBC}") = "Business", "Business\Business.csproj", "{072DC63A-C9E4-4489-817C-FCC8BA6C296B}"
EndProject
Project("{FAE04EC0-301F-11D3-BF4B-00C04F79EFBC}") = "Entities", "Entities\Entities.csproj", "{47DEFED7-AA88-4D81-86C1-1BAF8D28B194}"
EndProject
Project("{FAE04EC0-301F-11D3-BF4B-00C04F79EFBC}") = "Core", "Core\Core.csproj", "{1E0A73F3-F2C9-4395-BD2D-1B0B0F281BDA}"
EndProject
Project("{FAE04EC0-301F-11D3-BF4B-00C04F79EFBC}") = "WepAPI", "WepAPI\WepAPI.csproj", "{782F7DD7-1198-4BD1-9816-2F3E792C595A}"
EndProject
Global
	GlobalSection(SolutionConfigurationPlatforms) = preSolution
		Debug|Any CPU = Debug|Any CPU
		Release|Any CPU = Release|Any CPU
	EndGlobalSection
	GlobalSection(ProjectConfigurationPlatforms) = postSolution
		{4E75940D-A5C6-4B1E-8E86-7E42A7E44227}.Debug|Any CPU.ActiveCfg = Debug|Any CPU
		{4E75940D-A5C6-4B1E-8E86-7E42A7E44227}.Debug|Any CPU.Build.0 = Debug|Any CPU
		{4E75940D-A5C6-4B1E-8E86-7E42A7E44227}.Release|Any CPU.ActiveCfg = Release|Any CPU
		{4E75940D-A5C6-4B1E-8E86-7E42A7E44227}.Release|Any CPU.Build.0 = Release|Any CPU
		{072DC63A-C9E4-4489-817C-FCC8BA6C296B}.Debug|Any CPU.ActiveCfg = Debug|Any CPU
		{072DC63A-C9E4-4489-817C-FCC8BA6C296B}.Debug|Any CPU.Build.0 = Debug|Any CPU
		{072DC63A-C9E4-4489-817C-FCC8BA6C296B}.Release|Any CPU.ActiveCfg = Release|Any CPU
		{072DC63A-C9E4-4489-817C-FCC8BA6C296B}.Release|Any CPU.Build.0 = Release|Any CPU
		{47DEFED7-AA88-4D81-86C1-1BAF8D28B194}.Debug|Any CPU.ActiveCfg = Debug|Any CPU
		{47DEFED7-AA88-4D81-86C1-1BAF8D28B194}.Debug|Any CPU.Build.0 = Debug|Any CPU
		{47DEFED7-AA88-4D81-86C1-1BAF8D28B194}.Release|Any CPU.ActiveCfg = Release|Any CPU
		{47DEFED7-AA88-4D81-86C1-1BAF8D28B194}.Release|Any CPU.Build.0 = Release|Any CPU
		{1E0A73F3-F2C9-4395-BD2D-1B0B0F281BDA}.Debug|Any CPU.ActiveCfg = Debug|Any CPU
		{1E0A73F3-F2C9-4395-BD2D-1B0B0F281BDA}.Debug|Any CPU.Build.0 = Debug|Any CPU
		{1E0A73F3-F2C9-4395-BD2D-1B0B0F281BDA}.Release|Any CPU.ActiveCfg = Release|Any CPU
		{1E0A73F3-F2C9-4395-BD2D-1B0B0F281BDA}.Release|Any CPU.Build.0 = Release|Any CPU
		{782F7DD7-1198-4BD1-9816-2F3E792C595A}.Debug|Any CPU.ActiveCfg = Debug|Any CPU
		{782F7DD7-1198-4BD1-9816-2F3E792C595A}.Debug|Any CPU.Build.0 = Debug|Any CPU
		{782F7DD7-1198-4BD1-9816-2F3E792C595A}.Release|Any CPU.ActiveCfg = Release|Any CPU
		{782F7DD7-1198-4BD1-9816-2F3E792C595A}.Release|Any CPU.Build.0 = Release|Any CPU
	EndGlobalSection
EndGlobal
